# This file is autogenerated, do not edit; changes may be undone by the next 'dep ensure'.


[[projects]]
  name = "github.com/calmh/randomart"
  packages = ["."]
  revision = "b9badb8daabfa6c522815b7b897e25a49a02558d"
  version = "v1.1.0"

[[projects]]
  branch = "master"
  name = "github.com/kardianos/osext"
  packages = ["."]
  revision = "ae77be60afb1dcacde03767a8c37337fad28ac14"

[[projects]]
  branch = "master"
  name = "github.com/mavricknz/asn1-ber"
  packages = ["."]
  revision = "b9df1c2f4213e9acfe05cbd20696ac5fc0d5c70e"

[[projects]]
  branch = "master"
  name = "github.com/mavricknz/ldap"
  packages = ["."]
  revision = "f5a958005e43f515b70d9b1a61d9c842ecd507a6"

[[projects]]
  branch = "master"
  name = "github.com/sbinet/liner"
  packages = ["."]
  revision = "d9335eee40a45a4f5d74524c90040d6fe6013d50"

[[projects]]
  branch = "master"
  name = "golang.org/x/crypto"
  packages = [
    "curve25519",
    "ed25519",
    "ed25519/internal/edwards25519",
    "internal/chacha20",
    "poly1305",
    "ssh",
    "ssh/terminal",
    "twofish"
  ]
  revision = "650f4a345ab4e5b245a3034b110ebc7299e68186"

[[projects]]
  branch = "master"
  name = "golang.org/x/net"
  packages = ["proxy"]
  revision = "136a25c244d3019482a795d728110278d6ba09a4"

[[projects]]
  branch = "master"
  name = "golang.org/x/sys"
  packages = [
    "unix",
    "windows"
  ]
  revision = "37707fdb30a5b38865cfb95e5aab41707daec7fd"

[solve-meta]
  analyzer-name = "dep"
  analyzer-version = 1
  inputs-digest = "95a41bfd48519e3a4a0bb8280df08c93dbdde41b1f32faf618c53f78c7e43f11"
  solver-name = "gps-cdcl"
  solver-version = 1
