bitbucket.org/kardianos/osext: 84d8cbacbe137d1c00cdc0762b3ad585a4d64418
code.google.com/p/go.crypto/ssh: 3a49c11addedb2659f4ec11422d5cecd522c45e4
code.google.com/p/go.net/proxy: d6167d29456ccb4d1ac0e774631589202a411c8a
github.com/calmh/randomart: c93aeb3ba3f3e6081cd41b1f2c46e95403491ec5
github.com/mavricknz/ldap: 6e4860d2f38e0a6ccbbb8eda955d80ab4e39f692
github.com/sbinet/liner: 151c305780927f4465e60ee245f5d17800addafd
