bitbucket.org/kardianos/osext: 364fb577de68fb646c4cb39cc0e09c887ee16376
code.google.com/p/go.crypto/ssh: 6478cc9340cbbe6c04511280c5007722269108e9
code.google.com/p/go.net/proxy: 55437409069bb181ad562b1ad1e5f361c44aff17
github.com/calmh/ini: 1020b6d8618a7dc6031cda4a7782324eac346875
github.com/calmh/randomart: c93aeb3ba3f3e6081cd41b1f2c46e95403491ec5
github.com/mavricknz/ldap: 6e4860d2f38e0a6ccbbb8eda955d80ab4e39f692
github.com/sbinet/liner: 151c305780927f4465e60ee245f5d17800addafd
